PODS:
  - CocoaAsyncSocket (7.4.2)
  - SocketRocket (0.4.2)
  - sReto/AllModules (1.4.1):
    - sReto/BluetoothModule
    - sReto/RemoteModule
    - sReto/WlanModule
  - sReto/BluetoothModule (1.4.1):
    - sReto/Bonjour
    - sReto/no-arc
  - sReto/Bonjour (1.4.1):
    - CocoaAsyncSocket (= 7.4.2)
    - sReto/Core
  - sReto/Core (1.4.1)
  - sReto/no-arc (1.4.1)
  - sReto/RemoteModule (1.4.1):
    - SocketRocket (= 0.4.2)
    - sReto/Core
  - sReto/WlanModule (1.4.1):
    - sReto/Bonjour

DEPENDENCIES:
  - sReto/AllModules

SPEC CHECKSUMS:
  CocoaAsyncSocket: f5783bdedd232d91b89769bc4b5a1580aed518ad
  SocketRocket: ffe08119b00ef982f6c37052a4705a057c8494ad
  sReto: 40e030643774394b35347489923e9fa41bf05da4

PODFILE CHECKSUM: 6b308001485d1b4c862854338f058610eed90b48

COCOAPODS: 1.0.1
