// !$*UTF8*$!
{
	archiveVersion = 1;
	classes = {
	};
	objectVersion = 46;
	objects = {

/* Begin PBXBuildFile section */
		0D2300D51F28E77F007D392A /* libogg.dylib in CopyFiles */ = {isa = PBXBuildFile; fileRef = 0DF491FA1F27EECC00D23AD1 /* libogg.dylib */; settings = {ATTRIBUTES = (CodeSignOnCopy, ); }; };
		0D2300D61F28E781007D392A /* libFLAC.dylib in CopyFiles */ = {isa = PBXBuildFile; fileRef = 0DF491F81F27EC4800D23AD1 /* libFLAC.dylib */; settings = {ATTRIBUTES = (CodeSignOnCopy, ); }; };
		0D7111491FE1DB15006E460E /* Sparkle.framework in CopyFiles */ = {isa = PBXBuildFile; fileRef = 0D7111471FE1DAD9006E460E /* Sparkle.framework */; settings = {ATTRIBUTES = (CodeSignOnCopy, RemoveHeadersOnCopy, ); }; };
		0D71114A1FE1DB1B006E460E /* Sparkle.framework in Frameworks */ = {isa = PBXBuildFile; fileRef = 0D7111471FE1DAD9006E460E /* Sparkle.framework */; };
		0DA4E1871F27F8BE00EC80B2 /* flac in Resources */ = {isa = PBXBuildFile; fileRef = 0DA4E16B1F27F8BE00EC80B2 /* flac */; };
		0DA4E1911F27F8BE00EC80B2 /* libFLAC++.a in Frameworks */ = {isa = PBXBuildFile; fileRef = 0DA4E1761F27F8BE00EC80B2 /* libFLAC++.a */; };
		0DA4E1921F27F8BE00EC80B2 /* libFLAC.a in Frameworks */ = {isa = PBXBuildFile; fileRef = 0DA4E1771F27F8BE00EC80B2 /* libFLAC.a */; };
		0DA4E1931F27F8BE00EC80B2 /* libgetopt.a in Frameworks */ = {isa = PBXBuildFile; fileRef = 0DA4E1781F27F8BE00EC80B2 /* libgetopt.a */; };
		0DA4E1941F27F8BE00EC80B2 /* libgrabbag.a in Frameworks */ = {isa = PBXBuildFile; fileRef = 0DA4E1791F27F8BE00EC80B2 /* libgrabbag.a */; };
		0DA4E1951F27F8BE00EC80B2 /* libplugin_common.a in Frameworks */ = {isa = PBXBuildFile; fileRef = 0DA4E17A1F27F8BE00EC80B2 /* libplugin_common.a */; };
		0DA4E1961F27F8BE00EC80B2 /* libreplaygain_analysis.a in Frameworks */ = {isa = PBXBuildFile; fileRef = 0DA4E17B1F27F8BE00EC80B2 /* libreplaygain_analysis.a */; };
		0DA4E1971F27F8BE00EC80B2 /* libreplaygain_synthesis.a in Frameworks */ = {isa = PBXBuildFile; fileRef = 0DA4E17C1F27F8BE00EC80B2 /* libreplaygain_synthesis.a */; };
		0DA4E1981F27F8BE00EC80B2 /* libtest_libs_common.a in Frameworks */ = {isa = PBXBuildFile; fileRef = 0DA4E17D1F27F8BE00EC80B2 /* libtest_libs_common.a */; };
		0DA4E1991F27F8BE00EC80B2 /* libutf8.a in Frameworks */ = {isa = PBXBuildFile; fileRef = 0DA4E17E1F27F8BE00EC80B2 /* libutf8.a */; };
		0DAB30A41CFBA3340028928F /* jmcTests.swift in Sources */ = {isa = PBXBuildFile; fileRef = 0DAB30A31CFBA3340028928F /* jmcTests.swift */; };
		0DAB30AF1CFBA3340028928F /* jmcUITests.swift in Sources */ = {isa = PBXBuildFile; fileRef = 0DAB30AE1CFBA3340028928F /* jmcUITests.swift */; };
		0DF491F91F27EC4800D23AD1 /* libFLAC.dylib in Frameworks */ = {isa = PBXBuildFile; fileRef = 0DF491F81F27EC4800D23AD1 /* libFLAC.dylib */; };
		0DF491FB1F27EECC00D23AD1 /* libogg.dylib in Frameworks */ = {isa = PBXBuildFile; fileRef = 0DF491FA1F27EECC00D23AD1 /* libogg.dylib */; };
/* End PBXBuildFile section */

/* Begin PBXContainerItemProxy section */
		0DAB30A01CFBA3340028928F /* PBXContainerItemProxy */ = {
			isa = PBXContainerItemProxy;
			containerPortal = 0DAB30851CFBA3340028928F /* Project object */;
			proxyType = 1;
			remoteGlobalIDString = 0DAB308C1CFBA3340028928F;
			remoteInfo = minimalTunes;
		};
		0DAB30AB1CFBA3340028928F /* PBXContainerItemProxy */ = {
			isa = PBXContainerItemProxy;
			containerPortal = 0DAB30851CFBA3340028928F /* Project object */;
			proxyType = 1;
			remoteGlobalIDString = 0DAB308C1CFBA3340028928F;
			remoteInfo = minimalTunes;
		};
/* End PBXContainerItemProxy section */

/* Begin PBXCopyFilesBuildPhase section */
		0DCF1D1B1F1D112000240202 /* CopyFiles */ = {
			isa = PBXCopyFilesBuildPhase;
			buildActionMask = 2147483647;
			dstPath = "";
			dstSubfolderSpec = 10;
			files = (
				0D2300D51F28E77F007D392A /* libogg.dylib in CopyFiles */,
				0D2300D61F28E781007D392A /* libFLAC.dylib in CopyFiles */,
				0D7111491FE1DB15006E460E /* Sparkle.framework in CopyFiles */,
			);
			runOnlyForDeploymentPostprocessing = 0;
		};
/* End PBXCopyFilesBuildPhase section */

/* Begin PBXFileReference section */
		0D7111471FE1DAD9006E460E /* Sparkle.framework */ = {isa = PBXFileReference; lastKnownFileType = wrapper.framework; name = Sparkle.framework; path = "../../Downloads/Sparkle-1.18.1(1)/Sparkle.framework"; sourceTree = "<group>"; };
		0D893BBE20290A070050DE54 /* jmc */ = {isa = PBXFileReference; lastKnownFileType = folder; path = jmc; sourceTree = "<group>"; };
		0DA4E1671F27F8BE00EC80B2 /* example_c_decode_file */ = {isa = PBXFileReference; lastKnownFileType = "compiled.mach-o.executable"; path = example_c_decode_file; sourceTree = "<group>"; };
		0DA4E1681F27F8BE00EC80B2 /* example_c_encode_file */ = {isa = PBXFileReference; lastKnownFileType = "compiled.mach-o.executable"; path = example_c_encode_file; sourceTree = "<group>"; };
		0DA4E1691F27F8BE00EC80B2 /* example_cpp_decode_file */ = {isa = PBXFileReference; lastKnownFileType = "compiled.mach-o.executable"; path = example_cpp_decode_file; sourceTree = "<group>"; };
		0DA4E16A1F27F8BE00EC80B2 /* example_cpp_encode_file */ = {isa = PBXFileReference; lastKnownFileType = "compiled.mach-o.executable"; path = example_cpp_encode_file; sourceTree = "<group>"; };
		0DA4E16B1F27F8BE00EC80B2 /* flac */ = {isa = PBXFileReference; lastKnownFileType = "compiled.mach-o.executable"; path = flac; sourceTree = "<group>"; };
		0DA4E16C1F27F8BE00EC80B2 /* Makefile.am */ = {isa = PBXFileReference; fileEncoding = 4; lastKnownFileType = text; path = Makefile.am; sourceTree = "<group>"; };
		0DA4E16D1F27F8BE00EC80B2 /* Makefile.in */ = {isa = PBXFileReference; fileEncoding = 4; lastKnownFileType = text; path = Makefile.in; sourceTree = "<group>"; };
		0DA4E16E1F27F8BE00EC80B2 /* metaflac */ = {isa = PBXFileReference; lastKnownFileType = "compiled.mach-o.executable"; path = metaflac; sourceTree = "<group>"; };
		0DA4E16F1F27F8BE00EC80B2 /* test_cuesheet */ = {isa = PBXFileReference; lastKnownFileType = "compiled.mach-o.executable"; path = test_cuesheet; sourceTree = "<group>"; };
		0DA4E1701F27F8BE00EC80B2 /* test_libFLAC */ = {isa = PBXFileReference; lastKnownFileType = "compiled.mach-o.executable"; path = test_libFLAC; sourceTree = "<group>"; };
		0DA4E1711F27F8BE00EC80B2 /* test_libFLAC++ */ = {isa = PBXFileReference; lastKnownFileType = "compiled.mach-o.executable"; path = "test_libFLAC++"; sourceTree = "<group>"; };
		0DA4E1721F27F8BE00EC80B2 /* test_picture */ = {isa = PBXFileReference; lastKnownFileType = "compiled.mach-o.executable"; path = test_picture; sourceTree = "<group>"; };
		0DA4E1731F27F8BE00EC80B2 /* test_seeking */ = {isa = PBXFileReference; lastKnownFileType = "compiled.mach-o.executable"; path = test_seeking; sourceTree = "<group>"; };
		0DA4E1741F27F8BE00EC80B2 /* test_streams */ = {isa = PBXFileReference; lastKnownFileType = "compiled.mach-o.executable"; path = test_streams; sourceTree = "<group>"; };
		0DA4E1761F27F8BE00EC80B2 /* libFLAC++.a */ = {isa = PBXFileReference; lastKnownFileType = archive.ar; path = "libFLAC++.a"; sourceTree = "<group>"; };
		0DA4E1771F27F8BE00EC80B2 /* libFLAC.a */ = {isa = PBXFileReference; lastKnownFileType = archive.ar; path = libFLAC.a; sourceTree = "<group>"; };
		0DA4E1781F27F8BE00EC80B2 /* libgetopt.a */ = {isa = PBXFileReference; lastKnownFileType = archive.ar; path = libgetopt.a; sourceTree = "<group>"; };
		0DA4E1791F27F8BE00EC80B2 /* libgrabbag.a */ = {isa = PBXFileReference; lastKnownFileType = archive.ar; path = libgrabbag.a; sourceTree = "<group>"; };
		0DA4E17A1F27F8BE00EC80B2 /* libplugin_common.a */ = {isa = PBXFileReference; lastKnownFileType = archive.ar; path = libplugin_common.a; sourceTree = "<group>"; };
		0DA4E17B1F27F8BE00EC80B2 /* libreplaygain_analysis.a */ = {isa = PBXFileReference; lastKnownFileType = archive.ar; path = libreplaygain_analysis.a; sourceTree = "<group>"; };
		0DA4E17C1F27F8BE00EC80B2 /* libreplaygain_synthesis.a */ = {isa = PBXFileReference; lastKnownFileType = archive.ar; path = libreplaygain_synthesis.a; sourceTree = "<group>"; };
		0DA4E17D1F27F8BE00EC80B2 /* libtest_libs_common.a */ = {isa = PBXFileReference; lastKnownFileType = archive.ar; path = libtest_libs_common.a; sourceTree = "<group>"; };
		0DA4E17E1F27F8BE00EC80B2 /* libutf8.a */ = {isa = PBXFileReference; lastKnownFileType = archive.ar; path = libutf8.a; sourceTree = "<group>"; };
		0DA4E17F1F27F8BE00EC80B2 /* Makefile.am */ = {isa = PBXFileReference; fileEncoding = 4; lastKnownFileType = text; path = Makefile.am; sourceTree = "<group>"; };
		0DA4E1801F27F8BE00EC80B2 /* Makefile.in */ = {isa = PBXFileReference; fileEncoding = 4; lastKnownFileType = text; path = Makefile.in; sourceTree = "<group>"; };
		0DA4E1811F27F8BE00EC80B2 /* Makefile.am */ = {isa = PBXFileReference; fileEncoding = 4; lastKnownFileType = text; path = Makefile.am; sourceTree = "<group>"; };
		0DA4E1821F27F8BE00EC80B2 /* Makefile.in */ = {isa = PBXFileReference; fileEncoding = 4; lastKnownFileType = text; path = Makefile.in; sourceTree = "<group>"; };
		0DAB308D1CFBA3340028928F /* jmc.app */ = {isa = PBXFileReference; explicitFileType = wrapper.application; includeInIndex = 0; path = jmc.app; sourceTree = BUILT_PRODUCTS_DIR; };
		0DAB309F1CFBA3340028928F /* jmc.xctest */ = {isa = PBXFileReference; explicitFileType = wrapper.cfbundle; includeInIndex = 0; path = jmc.xctest; sourceTree = BUILT_PRODUCTS_DIR; };
		0DAB30A31CFBA3340028928F /* jmcTests.swift */ = {isa = PBXFileReference; lastKnownFileType = sourcecode.swift; path = jmcTests.swift; sourceTree = "<group>"; };
		0DAB30A51CFBA3340028928F /* Info.plist */ = {isa = PBXFileReference; lastKnownFileType = text.plist.xml; path = Info.plist; sourceTree = "<group>"; };
		0DAB30AA1CFBA3340028928F /* jmc.xctest */ = {isa = PBXFileReference; explicitFileType = wrapper.cfbundle; includeInIndex = 0; path = jmc.xctest; sourceTree = BUILT_PRODUCTS_DIR; };
		0DAB30AE1CFBA3340028928F /* jmcUITests.swift */ = {isa = PBXFileReference; lastKnownFileType = sourcecode.swift; path = jmcUITests.swift; sourceTree = "<group>"; };
		0DAB30B01CFBA3340028928F /* Info.plist */ = {isa = PBXFileReference; lastKnownFileType = text.plist.xml; path = Info.plist; sourceTree = "<group>"; };
		0DF491F61F27EC4800D23AD1 /* stream_decoder.h */ = {isa = PBXFileReference; fileEncoding = 4; lastKnownFileType = sourcecode.c.h; name = stream_decoder.h; path = FLAC/stream_decoder.h; sourceTree = "<group>"; };
		0DF491F81F27EC4800D23AD1 /* libFLAC.dylib */ = {isa = PBXFileReference; lastKnownFileType = "compiled.mach-o.dylib"; name = libFLAC.dylib; path = FLAC/libFLAC.dylib; sourceTree = "<group>"; };
		0DF491FA1F27EECC00D23AD1 /* libogg.dylib */ = {isa = PBXFileReference; lastKnownFileType = "compiled.mach-o.dylib"; name = libogg.dylib; path = FLAC/libogg.dylib; sourceTree = "<group>"; };
/* End PBXFileReference section */

/* Begin PBXFrameworksBuildPhase section */
		0D1930E91E53A72600752942 /* Frameworks */ = {
			isa = PBXFrameworksBuildPhase;
			buildActionMask = 2147483647;
			files = (
				0DA4E1991F27F8BE00EC80B2 /* libutf8.a in Frameworks */,
				0DF491FB1F27EECC00D23AD1 /* libogg.dylib in Frameworks */,
				0DA4E1971F27F8BE00EC80B2 /* libreplaygain_synthesis.a in Frameworks */,
				0DA4E1931F27F8BE00EC80B2 /* libgetopt.a in Frameworks */,
				0DA4E1921F27F8BE00EC80B2 /* libFLAC.a in Frameworks */,
				0D71114A1FE1DB1B006E460E /* Sparkle.framework in Frameworks */,
				0DA4E1981F27F8BE00EC80B2 /* libtest_libs_common.a in Frameworks */,
				0DA4E1911F27F8BE00EC80B2 /* libFLAC++.a in Frameworks */,
				0DA4E1941F27F8BE00EC80B2 /* libgrabbag.a in Frameworks */,
				0DA4E1961F27F8BE00EC80B2 /* libreplaygain_analysis.a in Frameworks */,
				0DF491F91F27EC4800D23AD1 /* libFLAC.dylib in Frameworks */,
				0DA4E1951F27F8BE00EC80B2 /* libplugin_common.a in Frameworks */,
			);
			runOnlyForDeploymentPostprocessing = 0;
		};
		0DAB309C1CFBA3340028928F /* Frameworks */ = {
			isa = PBXFrameworksBuildPhase;
			buildActionMask = 2147483647;
			files = (
			);
			runOnlyForDeploymentPostprocessing = 0;
		};
		0DAB30A71CFBA3340028928F /* Frameworks */ = {
			isa = PBXFrameworksBuildPhase;
			buildActionMask = 2147483647;
			files = (
			);
			runOnlyForDeploymentPostprocessing = 0;
		};
/* End PBXFrameworksBuildPhase section */

/* Begin PBXGroup section */
		0D5682771FD9D40C0031C94B /* Frameworks */ = {
			isa = PBXGroup;
			children = (
			);
			name = Frameworks;
			sourceTree = "<group>";
		};
		0DA4E1651F27F8BE00EC80B2 /* release */ = {
			isa = PBXGroup;
			children = (
				0DA4E1661F27F8BE00EC80B2 /* bin */,
				0DA4E1751F27F8BE00EC80B2 /* lib */,
				0DA4E1811F27F8BE00EC80B2 /* Makefile.am */,
				0DA4E1821F27F8BE00EC80B2 /* Makefile.in */,
			);
			name = release;
			path = jmc/release;
			sourceTree = "<group>";
		};
		0DA4E1661F27F8BE00EC80B2 /* bin */ = {
			isa = PBXGroup;
			children = (
				0DA4E1671F27F8BE00EC80B2 /* example_c_decode_file */,
				0DA4E1681F27F8BE00EC80B2 /* example_c_encode_file */,
				0DA4E1691F27F8BE00EC80B2 /* example_cpp_decode_file */,
				0DA4E16A1F27F8BE00EC80B2 /* example_cpp_encode_file */,
				0DA4E16B1F27F8BE00EC80B2 /* flac */,
				0DA4E16C1F27F8BE00EC80B2 /* Makefile.am */,
				0DA4E16D1F27F8BE00EC80B2 /* Makefile.in */,
				0DA4E16E1F27F8BE00EC80B2 /* metaflac */,
				0DA4E16F1F27F8BE00EC80B2 /* test_cuesheet */,
				0DA4E1701F27F8BE00EC80B2 /* test_libFLAC */,
				0DA4E1711F27F8BE00EC80B2 /* test_libFLAC++ */,
				0DA4E1721F27F8BE00EC80B2 /* test_picture */,
				0DA4E1731F27F8BE00EC80B2 /* test_seeking */,
				0DA4E1741F27F8BE00EC80B2 /* test_streams */,
			);
			path = bin;
			sourceTree = "<group>";
		};
		0DA4E1751F27F8BE00EC80B2 /* lib */ = {
			isa = PBXGroup;
			children = (
				0DA4E1761F27F8BE00EC80B2 /* libFLAC++.a */,
				0DA4E1771F27F8BE00EC80B2 /* libFLAC.a */,
				0DA4E1781F27F8BE00EC80B2 /* libgetopt.a */,
				0DA4E1791F27F8BE00EC80B2 /* libgrabbag.a */,
				0DA4E17A1F27F8BE00EC80B2 /* libplugin_common.a */,
				0DA4E17B1F27F8BE00EC80B2 /* libreplaygain_analysis.a */,
				0DA4E17C1F27F8BE00EC80B2 /* libreplaygain_synthesis.a */,
				0DA4E17D1F27F8BE00EC80B2 /* libtest_libs_common.a */,
				0DA4E17E1F27F8BE00EC80B2 /* libutf8.a */,
				0DA4E17F1F27F8BE00EC80B2 /* Makefile.am */,
				0DA4E1801F27F8BE00EC80B2 /* Makefile.in */,
			);
			path = lib;
			sourceTree = "<group>";
		};
		0DAB30841CFBA3340028928F = {
			isa = PBXGroup;
			children = (
				0D893BBE20290A070050DE54 /* jmc */,
				0D7111471FE1DAD9006E460E /* Sparkle.framework */,
				0DF491EE1F27EC2600D23AD1 /* FLAC */,
				0DAB30A21CFBA3340028928F /* jmcTests */,
				0DAB30AD1CFBA3340028928F /* jmcUITests */,
				0DAB308E1CFBA3340028928F /* Products */,
				0D5682771FD9D40C0031C94B /* Frameworks */,
			);
			sourceTree = "<group>";
		};
		0DAB308E1CFBA3340028928F /* Products */ = {
			isa = PBXGroup;
			children = (
				0DAB308D1CFBA3340028928F /* jmc.app */,
				0DAB309F1CFBA3340028928F /* jmc.xctest */,
				0DAB30AA1CFBA3340028928F /* jmc.xctest */,
			);
			name = Products;
			sourceTree = "<group>";
		};
		0DAB30A21CFBA3340028928F /* jmcTests */ = {
			isa = PBXGroup;
			children = (
				0DAB30A31CFBA3340028928F /* jmcTests.swift */,
				0DAB30A51CFBA3340028928F /* Info.plist */,
			);
			path = jmcTests;
			sourceTree = "<group>";
		};
		0DAB30AD1CFBA3340028928F /* jmcUITests */ = {
			isa = PBXGroup;
			children = (
				0DAB30AE1CFBA3340028928F /* jmcUITests.swift */,
				0DAB30B01CFBA3340028928F /* Info.plist */,
			);
			path = jmcUITests;
			sourceTree = "<group>";
		};
		0DF491EE1F27EC2600D23AD1 /* FLAC */ = {
			isa = PBXGroup;
			children = (
				0DF491F61F27EC4800D23AD1 /* stream_decoder.h */,
				0DA4E1651F27F8BE00EC80B2 /* release */,
				0DF491FA1F27EECC00D23AD1 /* libogg.dylib */,
				0DF491F81F27EC4800D23AD1 /* libFLAC.dylib */,
			);
			name = FLAC;
			sourceTree = "<group>";
		};
/* End PBXGroup section */

/* Begin PBXNativeTarget section */
		0DAB308C1CFBA3340028928F /* jmc */ = {
			isa = PBXNativeTarget;
			buildConfigurationList = 0DAB30B31CFBA3340028928F /* Build configuration list for PBXNativeTarget "jmc" */;
			buildPhases = (
				0DCF1D1B1F1D112000240202 /* CopyFiles */,
				0DAB30891CFBA3340028928F /* Sources */,
				0DAB308B1CFBA3340028928F /* Resources */,
				0D1930E91E53A72600752942 /* Frameworks */,
			);
			buildRules = (
			);
			dependencies = (
			);
			name = jmc;
			productName = minimalTunes;
			productReference = 0DAB308D1CFBA3340028928F /* jmc.app */;
			productType = "com.apple.product-type.application";
		};
		0DAB309E1CFBA3340028928F /* jmcTests */ = {
			isa = PBXNativeTarget;
			buildConfigurationList = 0DAB30B61CFBA3340028928F /* Build configuration list for PBXNativeTarget "jmcTests" */;
			buildPhases = (
				0DAB309B1CFBA3340028928F /* Sources */,
				0DAB309C1CFBA3340028928F /* Frameworks */,
				0DAB309D1CFBA3340028928F /* Resources */,
			);
			buildRules = (
			);
			dependencies = (
				0DAB30A11CFBA3340028928F /* PBXTargetDependency */,
			);
			name = jmcTests;
			productName = minimalTunesTests;
			productReference = 0DAB309F1CFBA3340028928F /* jmc.xctest */;
			productType = "com.apple.product-type.bundle.unit-test";
		};
		0DAB30A91CFBA3340028928F /* jmcUITests */ = {
			isa = PBXNativeTarget;
			buildConfigurationList = 0DAB30B91CFBA3340028928F /* Build configuration list for PBXNativeTarget "jmcUITests" */;
			buildPhases = (
				0DAB30A61CFBA3340028928F /* Sources */,
				0DAB30A71CFBA3340028928F /* Frameworks */,
				0DAB30A81CFBA3340028928F /* Resources */,
			);
			buildRules = (
			);
			dependencies = (
				0DAB30AC1CFBA3340028928F /* PBXTargetDependency */,
			);
			name = jmcUITests;
			productName = minimalTunesUITests;
			productReference = 0DAB30AA1CFBA3340028928F /* jmc.xctest */;
			productType = "com.apple.product-type.bundle.ui-testing";
		};
/* End PBXNativeTarget section */

/* Begin PBXProject section */
		0DAB30851CFBA3340028928F /* Project object */ = {
			isa = PBXProject;
			attributes = {
				LastSwiftUpdateCheck = 0730;
				LastUpgradeCheck = 0730;
				ORGANIZATIONNAME = "John Moody";
				TargetAttributes = {
					0DAB308C1CFBA3340028928F = {
						CreatedOnToolsVersion = 7.3.1;
						LastSwiftMigration = 0900;
						ProvisioningStyle = Automatic;
					};
					0DAB309E1CFBA3340028928F = {
						CreatedOnToolsVersion = 7.3.1;
						LastSwiftMigration = 0900;
						TestTargetID = 0DAB308C1CFBA3340028928F;
					};
					0DAB30A91CFBA3340028928F = {
						CreatedOnToolsVersion = 7.3.1;
						LastSwiftMigration = 0900;
						TestTargetID = 0DAB308C1CFBA3340028928F;
					};
				};
			};
			buildConfigurationList = 0DAB30881CFBA3340028928F /* Build configuration list for PBXProject "jmc" */;
			compatibilityVersion = "Xcode 3.2";
			developmentRegion = English;
			hasScannedForEncodings = 0;
			knownRegions = (
				en,
				Base,
				English,
			);
			mainGroup = 0DAB30841CFBA3340028928F;
			productRefGroup = 0DAB308E1CFBA3340028928F /* Products */;
			projectDirPath = "";
			projectRoot = "";
			targets = (
				0DAB308C1CFBA3340028928F /* jmc */,
				0DAB309E1CFBA3340028928F /* jmcTests */,
				0DAB30A91CFBA3340028928F /* jmcUITests */,
			);
		};
/* End PBXProject section */

/* Begin PBXResourcesBuildPhase section */
		0DAB308B1CFBA3340028928F /* Resources */ = {
			isa = PBXResourcesBuildPhase;
			buildActionMask = 2147483647;
			files = (
				0DA4E1871F27F8BE00EC80B2 /* flac in Resources */,
			);
			runOnlyForDeploymentPostprocessing = 0;
		};
		0DAB309D1CFBA3340028928F /* Resources */ = {
			isa = PBXResourcesBuildPhase;
			buildActionMask = 2147483647;
			files = (
			);
			runOnlyForDeploymentPostprocessing = 0;
		};
		0DAB30A81CFBA3340028928F /* Resources */ = {
			isa = PBXResourcesBuildPhase;
			buildActionMask = 2147483647;
			files = (
			);
			runOnlyForDeploymentPostprocessing = 0;
		};
/* End PBXResourcesBuildPhase section */

/* Begin PBXSourcesBuildPhase section */
		0DAB30891CFBA3340028928F /* Sources */ = {
			isa = PBXSourcesBuildPhase;
			buildActionMask = 2147483647;
			files = (
			);
			runOnlyForDeploymentPostprocessing = 0;
		};
		0DAB309B1CFBA3340028928F /* Sources */ = {
			isa = PBXSourcesBuildPhase;
			buildActionMask = 2147483647;
			files = (
				0DAB30A41CFBA3340028928F /* jmcTests.swift in Sources */,
			);
			runOnlyForDeploymentPostprocessing = 0;
		};
		0DAB30A61CFBA3340028928F /* Sources */ = {
			isa = PBXSourcesBuildPhase;
			buildActionMask = 2147483647;
			files = (
				0DAB30AF1CFBA3340028928F /* jmcUITests.swift in Sources */,
			);
			runOnlyForDeploymentPostprocessing = 0;
		};
/* End PBXSourcesBuildPhase section */

/* Begin PBXTargetDependency section */
		0DAB30A11CFBA3340028928F /* PBXTargetDependency */ = {
			isa = PBXTargetDependency;
			target = 0DAB308C1CFBA3340028928F /* jmc */;
			targetProxy = 0DAB30A01CFBA3340028928F /* PBXContainerItemProxy */;
		};
		0DAB30AC1CFBA3340028928F /* PBXTargetDependency */ = {
			isa = PBXTargetDependency;
			target = 0DAB308C1CFBA3340028928F /* jmc */;
			targetProxy = 0DAB30AB1CFBA3340028928F /* PBXContainerItemProxy */;
		};
/* End PBXTargetDependency section */

/* Begin XCBuildConfiguration section */
		0DAB30B11CFBA3340028928F /* Debug */ = {
			isa = XCBuildConfiguration;
			buildSettings = {
				ALWAYS_SEARCH_USER_PATHS = NO;
				CLANG_ANALYZER_NONNULL = YES;
				CLANG_CXX_LANGUAGE_STANDARD = "gnu++0x";
				CLANG_CXX_LIBRARY = "libc++";
				CLANG_ENABLE_MODULES = YES;
				CLANG_ENABLE_OBJC_ARC = YES;
				CLANG_WARN_BOOL_CONVERSION = YES;
				CLANG_WARN_CONSTANT_CONVERSION = YES;
				CLANG_WARN_DIRECT_OBJC_ISA_USAGE = YES_ERROR;
				CLANG_WARN_EMPTY_BODY = YES;
				CLANG_WARN_ENUM_CONVERSION = YES;
				CLANG_WARN_INT_CONVERSION = YES;
				CLANG_WARN_OBJC_ROOT_CLASS = YES_ERROR;
				CLANG_WARN_UNREACHABLE_CODE = YES;
				CLANG_WARN__DUPLICATE_METHOD_MATCH = YES;
				CODE_SIGN_IDENTITY = "-";
				COPY_PHASE_STRIP = NO;
				DEBUG_INFORMATION_FORMAT = dwarf;
				ENABLE_STRICT_OBJC_MSGSEND = YES;
				ENABLE_TESTABILITY = YES;
				GCC_C_LANGUAGE_STANDARD = gnu99;
				GCC_DYNAMIC_NO_PIC = NO;
				GCC_NO_COMMON_BLOCKS = YES;
				GCC_OPTIMIZATION_LEVEL = 0;
				GCC_PREPROCESSOR_DEFINITIONS = (
					"DEBUG=1",
					"$(inherited)",
				);
				GCC_WARN_64_TO_32_BIT_CONVERSION = YES;
				GCC_WARN_ABOUT_RETURN_TYPE = YES_ERROR;
				GCC_WARN_UNDECLARED_SELECTOR = YES;
				GCC_WARN_UNINITIALIZED_AUTOS = YES_AGGRESSIVE;
				GCC_WARN_UNUSED_FUNCTION = YES;
				GCC_WARN_UNUSED_VARIABLE = YES;
				MACOSX_DEPLOYMENT_TARGET = 10.11;
				MTL_ENABLE_DEBUG_INFO = YES;
				ONLY_ACTIVE_ARCH = YES;
				SDKROOT = macosx;
				SWIFT_OPTIMIZATION_LEVEL = "-Onone";
			};
			name = Debug;
		};
		0DAB30B21CFBA3340028928F /* Release */ = {
			isa = XCBuildConfiguration;
			buildSettings = {
				ALWAYS_SEARCH_USER_PATHS = NO;
				CLANG_ANALYZER_NONNULL = YES;
				CLANG_CXX_LANGUAGE_STANDARD = "gnu++0x";
				CLANG_CXX_LIBRARY = "libc++";
				CLANG_ENABLE_MODULES = YES;
				CLANG_ENABLE_OBJC_ARC = YES;
				CLANG_WARN_BOOL_CONVERSION = YES;
				CLANG_WARN_CONSTANT_CONVERSION = YES;
				CLANG_WARN_DIRECT_OBJC_ISA_USAGE = YES_ERROR;
				CLANG_WARN_EMPTY_BODY = YES;
				CLANG_WARN_ENUM_CONVERSION = YES;
				CLANG_WARN_INT_CONVERSION = YES;
				CLANG_WARN_OBJC_ROOT_CLASS = YES_ERROR;
				CLANG_WARN_UNREACHABLE_CODE = YES;
				CLANG_WARN__DUPLICATE_METHOD_MATCH = YES;
				CODE_SIGN_IDENTITY = "-";
				COPY_PHASE_STRIP = NO;
				DEBUG_INFORMATION_FORMAT = "dwarf-with-dsym";
				ENABLE_NS_ASSERTIONS = NO;
				ENABLE_STRICT_OBJC_MSGSEND = YES;
				ENABLE_TESTABILITY = YES;
				GCC_C_LANGUAGE_STANDARD = gnu99;
				GCC_NO_COMMON_BLOCKS = YES;
				GCC_OPTIMIZATION_LEVEL = 0;
				GCC_WARN_64_TO_32_BIT_CONVERSION = YES;
				GCC_WARN_ABOUT_RETURN_TYPE = YES_ERROR;
				GCC_WARN_UNDECLARED_SELECTOR = YES;
				GCC_WARN_UNINITIALIZED_AUTOS = YES_AGGRESSIVE;
				GCC_WARN_UNUSED_FUNCTION = YES;
				GCC_WARN_UNUSED_VARIABLE = YES;
				MACOSX_DEPLOYMENT_TARGET = 10.11;
				MTL_ENABLE_DEBUG_INFO = YES;
				ONLY_ACTIVE_ARCH = YES;
				SDKROOT = macosx;
				SWIFT_OPTIMIZATION_LEVEL = "-Onone";
			};
			name = Release;
		};
		0DAB30B41CFBA3340028928F /* Debug */ = {
			isa = XCBuildConfiguration;
			buildSettings = {
				ALWAYS_EMBED_SWIFT_STANDARD_LIBRARIES = NO;
				ASSETCATALOG_COMPILER_APPICON_NAME = AppIcon;
				CLANG_ENABLE_MODULES = YES;
				CODE_SIGN_IDENTITY = "";
				COMBINE_HIDPI_IMAGES = YES;
				DEVELOPMENT_TEAM = "";
				FRAMEWORK_SEARCH_PATHS = (
					"$(inherited)",
					"$(PROJECT_DIR)/Frameworks",
					"$(PROJECT_DIR)",
				);
				GCC_OPTIMIZATION_LEVEL = 0;
				INFOPLIST_FILE = jmc/Info.plist;
				LD_RUNPATH_SEARCH_PATHS = "@loader_path/../Frameworks";
				LIBRARY_SEARCH_PATHS = (
					"$(inherited)",
					"$(PROJECT_DIR)/1.3.2/lib",
					"$(PROJECT_DIR)/jmc/release/lib",
					"$(PROJECT_DIR)",
					"$(PROJECT_DIR)/FLAC",
				);
				MACH_O_TYPE = mh_execute;
				MACOSX_DEPLOYMENT_TARGET = 10.11;
				PRODUCT_BUNDLE_IDENTIFIER = com.jcm.jmc;
				PRODUCT_NAME = jmc;
				PROVISIONING_PROFILE_SPECIFIER = "";
				SWIFT_OBJC_BRIDGING_HEADER = "jmc/jmc-Bridging-Header.h";
				SWIFT_OPTIMIZATION_LEVEL = "-Onone";
				SWIFT_SWIFT3_OBJC_INFERENCE = On;
				SWIFT_VERSION = 4.0;
				"USER_HEADER_SEARCH_PATHS[arch=*]" = "${PROJECT_DIR}";
			};
			name = Debug;
		};
		0DAB30B51CFBA3340028928F /* Release */ = {
			isa = XCBuildConfiguration;
			buildSettings = {
				ALWAYS_EMBED_SWIFT_STANDARD_LIBRARIES = NO;
				ASSETCATALOG_COMPILER_APPICON_NAME = AppIcon;
				CLANG_ENABLE_MODULES = YES;
				CODE_SIGN_IDENTITY = "";
				COMBINE_HIDPI_IMAGES = YES;
				DEBUG_INFORMATION_FORMAT = dwarf;
				DEVELOPMENT_TEAM = "";
				FRAMEWORK_SEARCH_PATHS = (
					"$(inherited)",
					"$(PROJECT_DIR)/Frameworks",
					"$(PROJECT_DIR)",
				);
				GCC_OPTIMIZATION_LEVEL = s;
				INFOPLIST_FILE = jmc/Info.plist;
				LD_RUNPATH_SEARCH_PATHS = "@loader_path/../Frameworks";
				LIBRARY_SEARCH_PATHS = (
					"$(inherited)",
					"$(PROJECT_DIR)/1.3.2/lib",
					"$(PROJECT_DIR)/jmc/release/lib",
					"$(PROJECT_DIR)",
					"$(PROJECT_DIR)/FLAC",
				);
				MACH_O_TYPE = mh_execute;
				MACOSX_DEPLOYMENT_TARGET = 10.11;
				PRODUCT_BUNDLE_IDENTIFIER = com.jcm.jmc;
				PRODUCT_NAME = jmc;
				PROVISIONING_PROFILE_SPECIFIER = "";
				SWIFT_OBJC_BRIDGING_HEADER = "jmc/jmc-Bridging-Header.h";
				SWIFT_OPTIMIZATION_LEVEL = "-Owholemodule";
				SWIFT_SWIFT3_OBJC_INFERENCE = On;
				SWIFT_VERSION = 4.0;
				"USER_HEADER_SEARCH_PATHS[arch=*]" = "${PROJECT_DIR}";
			};
			name = Release;
		};
		0DAB30B71CFBA3340028928F /* Debug */ = {
			isa = XCBuildConfiguration;
			buildSettings = {
				BUNDLE_LOADER = "$(TEST_HOST)";
				COMBINE_HIDPI_IMAGES = YES;
				INFOPLIST_FILE = minimalTunesTests/Info.plist;
				LD_RUNPATH_SEARCH_PATHS = "$(inherited) @executable_path/../Frameworks @loader_path/../Frameworks";
				PRODUCT_BUNDLE_IDENTIFIER = jcm.minimalTunesTests;
				PRODUCT_NAME = jmc;
				SWIFT_SWIFT3_OBJC_INFERENCE = On;
				SWIFT_VERSION = 4.0;
				TEST_HOST = "$(BUILT_PRODUCTS_DIR)/jmc.app/Contents/MacOS/jmc";
			};
			name = Debug;
		};
		0DAB30B81CFBA3340028928F /* Release */ = {
			isa = XCBuildConfiguration;
			buildSettings = {
				BUNDLE_LOADER = "$(TEST_HOST)";
				COMBINE_HIDPI_IMAGES = YES;
				INFOPLIST_FILE = minimalTunesTests/Info.plist;
				LD_RUNPATH_SEARCH_PATHS = "$(inherited) @executable_path/../Frameworks @loader_path/../Frameworks";
				PRODUCT_BUNDLE_IDENTIFIER = jcm.minimalTunesTests;
				PRODUCT_NAME = jmc;
				SWIFT_SWIFT3_OBJC_INFERENCE = On;
				SWIFT_VERSION = 4.0;
				TEST_HOST = "$(BUILT_PRODUCTS_DIR)/jmc.app/Contents/MacOS/jmc";
			};
			name = Release;
		};
		0DAB30BA1CFBA3340028928F /* Debug */ = {
			isa = XCBuildConfiguration;
			buildSettings = {
				COMBINE_HIDPI_IMAGES = YES;
				INFOPLIST_FILE = minimalTunesUITests/Info.plist;
				LD_RUNPATH_SEARCH_PATHS = "$(inherited) @executable_path/../Frameworks @loader_path/../Frameworks";
				PRODUCT_BUNDLE_IDENTIFIER = jcm.minimalTunesUITests;
				PRODUCT_NAME = jmc;
				PROVISIONING_PROFILE = "";
				SWIFT_SWIFT3_OBJC_INFERENCE = On;
				SWIFT_VERSION = 4.0;
				TEST_TARGET_NAME = jmc;
			};
			name = Debug;
		};
		0DAB30BB1CFBA3340028928F /* Release */ = {
			isa = XCBuildConfiguration;
			buildSettings = {
				COMBINE_HIDPI_IMAGES = YES;
				INFOPLIST_FILE = minimalTunesUITests/Info.plist;
				LD_RUNPATH_SEARCH_PATHS = "$(inherited) @executable_path/../Frameworks @loader_path/../Frameworks";
				PRODUCT_BUNDLE_IDENTIFIER = jcm.minimalTunesUITests;
				PRODUCT_NAME = jmc;
				PROVISIONING_PROFILE = "";
				SWIFT_SWIFT3_OBJC_INFERENCE = On;
				SWIFT_VERSION = 4.0;
				TEST_TARGET_NAME = jmc;
			};
			name = Release;
		};
/* End XCBuildConfiguration section */

/* Begin XCConfigurationList section */
		0DAB30881CFBA3340028928F /* Build configuration list for PBXProject "jmc" */ = {
			isa = XCConfigurationList;
			buildConfigurations = (
				0DAB30B11CFBA3340028928F /* Debug */,
				0DAB30B21CFBA3340028928F /* Release */,
			);
			defaultConfigurationIsVisible = 0;
			defaultConfigurationName = Debug;
		};
		0DAB30B31CFBA3340028928F /* Build configuration list for PBXNativeTarget "jmc" */ = {
			isa = XCConfigurationList;
			buildConfigurations = (
				0DAB30B41CFBA3340028928F /* Debug */,
				0DAB30B51CFBA3340028928F /* Release */,
			);
			defaultConfigurationIsVisible = 0;
			defaultConfigurationName = Debug;
		};
		0DAB30B61CFBA3340028928F /* Build configuration list for PBXNativeTarget "jmcTests" */ = {
			isa = XCConfigurationList;
			buildConfigurations = (
				0DAB30B71CFBA3340028928F /* Debug */,
				0DAB30B81CFBA3340028928F /* Release */,
			);
			defaultConfigurationIsVisible = 0;
			defaultConfigurationName = Debug;
		};
		0DAB30B91CFBA3340028928F /* Build configuration list for PBXNativeTarget "jmcUITests" */ = {
			isa = XCConfigurationList;
			buildConfigurations = (
				0DAB30BA1CFBA3340028928F /* Debug */,
				0DAB30BB1CFBA3340028928F /* Release */,
			);
			defaultConfigurationIsVisible = 0;
			defaultConfigurationName = Debug;
		};
/* End XCConfigurationList section */
	};
	rootObject = 0DAB30851CFBA3340028928F /* Project object */;
}
